<?xml version="1.0" encoding="utf-8"?>
<Project ToolsVersion="4.0" xmlns="http://schemas.microsoft.com/developer/msbuild/2003">
  <ItemGroup>
    <Filter Include="sources">
      <UniqueIdentifier>{be40bbea-7284-4872-b023-1c58f3b2a747}</UniqueIdentifier>
      <Extensions>cpp;c;cxx;rc;def;r;odl;idl;hpj;bat</Extensions>
    </Filter>
    <Filter Include="includes">
      <UniqueIdentifier>{e79abd55-9847-422d-9ca1-8db76309ff1e}</UniqueIdentifier>
      <Extensions>h;hpp;hxx;hm;inl</Extensions>
    </Filter>
    <Filter Include="data">
      <UniqueIdentifier>{0a8c581f-600e-43d9-bd1a-213f9c3c6571}</UniqueIdentifier>
      <Extensions>ico;cur;bmp;dlg;rc2;rct;bin;rgs;gif;jpg;jpeg;jpe</Extensions>
    </Filter>
  </ItemGroup>
  <ItemGroup>
    <ClCompile Include="sources\memmap.cpp">
      <Filter>sources</Filter>
    </ClCompile>
  </ItemGroup>
  <ItemGroup>
    <ClInclude Include="includes\infos.h">
      <Filter>includes</Filter>
    </ClInclude>
  </ItemGroup>
  <ItemGroup>
    <ResourceCompile Include="Data\icones.rc">
      <Filter>data</Filter>
    </ResourceCompile>
  </ItemGroup>
  <ItemGroup>
    <None Include="Data\normal.ico">
      <Filter>data</Filter>
    </None>
  </ItemGroup>
</Project>