<?xml version="1.0" encoding="UTF-8" standalone="yes" ?>
<CodeBlocks_project_file>
	<FileVersion major="1" minor="6" />
	<Project>
		<Option title="caloric" />
		<Option pch_mode="2" />
		<Option compiler="gcc" />
		<Build>
			<Target title="Release">
				<Option output="bin\Release\caloric" prefix_auto="1" extension_auto="1" />
				<Option object_output="obj\Release\" />
				<Option type="1" />
				<Option compiler="gcc" />
				<Option projectLinkerOptionsRelation="2" />
				<Compiler>
					<Add option="-O2" />
					<Add option="-mms-bitfields" />
					<Add directory="." />
					<Add directory="..\libs\SDL\include" />
					<Add directory="..\libs\SDL_ttf\include" />
					<Add directory="..\libs\SDL\include\SDL" />
				</Compiler>
				<Linker>
					<Add option="-s" />
					<Add option="-Wl --export-dynamic" />
					<Add library="..\libs\SDL\lib\libSDL.dll.a" />
					<Add library="..\libs\SDL\lib\libSDLmain.a" />
					<Add library="..\libs\SDL_ttf\lib\SDL_ttf.lib" />
				</Linker>
			</Target>
		</Build>
		<Compiler>
			<Add option="-Wall" />
			<Add option="-mms-bitfields" />
		</Compiler>
		<Unit filename="config.h" />
		<Unit filename="gui\gtk\euphoricgui.glade" />
		<Unit filename="src\1793.S" />
		<Unit filename="src\6502.S" />
		<Unit filename="src\6502.h" />
		<Unit filename="src\6502_c.c">
			<Option compilerVar="CC" />
		</Unit>
		<Unit filename="src\6502_opcodes.h" />
		<Unit filename="src\6551.S" />
		<Unit filename="src\8912.S" />
		<Unit filename="src\banks.S" />
		<Unit filename="src\caloric.h" />
		<Unit filename="src\charset.S" />
		<Unit filename="src\clock.S" />
		<Unit filename="src\config.c">
			<Option compilerVar="CC" />
		</Unit>
		<Unit filename="src\datapath.c">
			<Option compilerVar="CC" />
		</Unit>
		<Unit filename="src\debug.S" />
		<Unit filename="src\dsp.c">
			<Option compilerVar="CC" />
		</Unit>
		<Unit filename="src\dsp.h" />
		<Unit filename="src\hardware.S" />
		<Unit filename="src\hardware.h" />
		<Unit filename="src\host.c">
			<Option compilerVar="CC" />
		</Unit>
		<Unit filename="src\hosttraps.c">
			<Option compilerVar="CC" />
		</Unit>
		<Unit filename="src\hosttraps.h" />
		<Unit filename="src\interrup.c">
			<Option compilerVar="CC" />
		</Unit>
		<Unit filename="src\keyb_us.c">
			<Option compilerVar="CC" />
		</Unit>
		<Unit filename="src\keyb_us.h" />
		<Unit filename="src\locate.c">
			<Option compilerVar="CC" />
		</Unit>
		<Unit filename="src\misc.c">
			<Option compilerVar="CC" />
		</Unit>
		<Unit filename="src\oric.c">
			<Option compilerVar="CC" />
		</Unit>
		<Unit filename="src\rcfiles.c">
			<Option compilerVar="CC" />
		</Unit>
		<Unit filename="src\screenshot.c">
			<Option compilerVar="CC" />
		</Unit>
		<Unit filename="src\screenshot.h" />
		<Unit filename="src\sdl.c">
			<Option compilerVar="CC" />
		</Unit>
		<Unit filename="src\stats.c">
			<Option compilerVar="CC" />
		</Unit>
		<Unit filename="src\stats.h" />
		<Unit filename="src\support.h" />
		<Unit filename="src\tape.S" />
		<Unit filename="src\tape2.c">
			<Option compilerVar="CC" />
		</Unit>
		<Unit filename="src\time.S" />
		<Unit filename="src\timer.h" />
		<Unit filename="src\traps.S" />
		<Unit filename="src\traps.h" />
		<Unit filename="src\ula.c">
			<Option compilerVar="CC" />
		</Unit>
		<Unit filename="src\via1.S" />
		<Unit filename="src\via2.S" />
		<Extensions>
			<code_completion />
			<debugger />
		</Extensions>
	</Project>
</CodeBlocks_project_file>
