<?xml version="1.0" encoding="utf-8"?>
<Project ToolsVersion="4.0" xmlns="http://schemas.microsoft.com/developer/msbuild/2003">
  <ItemGroup>
    <Filter Include="sources">
      <UniqueIdentifier>{cd2f8e2b-cfc5-423d-8efe-8ca6e6ffe89b}</UniqueIdentifier>
      <Extensions>cpp;c;cxx;rc;def;r;odl;idl;hpj;bat</Extensions>
    </Filter>
    <Filter Include="includes">
      <UniqueIdentifier>{53bf3da5-0069-4c4f-9035-d75fbec14ca9}</UniqueIdentifier>
      <Extensions>h;hpp;hxx;hm;inl</Extensions>
    </Filter>
  </ItemGroup>
  <ItemGroup>
    <ClCompile Include="sources\common.cpp">
      <Filter>sources</Filter>
    </ClCompile>
    <ClCompile Include="lz_pack.cpp">
      <Filter>sources</Filter>
    </ClCompile>
  </ItemGroup>
  <ItemGroup>
    <ClInclude Include="includes\common.h">
      <Filter>includes</Filter>
    </ClInclude>
  </ItemGroup>
</Project>