
Microsoft Visual Studio Solution File, Format Version 12.00
# Visual Studio 2012
Project("{8BC9CEB8-8B4A-11D0-8D11-00A0C91BC942}") = "FilePack", "filepack\FilePack.vcxproj", "{836A55ED-32D1-47AB-B9D4-12D207205BE6}"
EndProject
Project("{8BC9CEB8-8B4A-11D0-8D11-00A0C91BC942}") = "MemMap", "MemMap\MemMap.vcxproj", "{4DB442ED-88D5-460C-B3D1-9E07F1F6F4D2}"
EndProject
Project("{8BC9CEB8-8B4A-11D0-8D11-00A0C91BC942}") = "PictConv", "pictconv\PictConv.vcxproj", "{D5286405-B7D1-427E-8933-832A9D27DF8D}"
EndProject
Project("{8BC9CEB8-8B4A-11D0-8D11-00A0C91BC942}") = "bas2tap", "bas2tap\bas2tap.vcxproj", "{645966BA-5A15-4C5C-AA33-BA47477AECA4}"
EndProject
Project("{8BC9CEB8-8B4A-11D0-8D11-00A0C91BC942}") = "bin2txt", "bin2txt\bin2txt.vcxproj", "{8076BBA6-E757-4DC3-99DF-768EE684A1DE}"
EndProject
Project("{8BC9CEB8-8B4A-11D0-8D11-00A0C91BC942}") = "common", "common\common.vcxproj", "{3F43C467-3CCF-4703-AB22-DD71F4361EFA}"
EndProject
Project("{8BC9CEB8-8B4A-11D0-8D11-00A0C91BC942}") = "compiler", "compiler\compiler.vcxproj", "{EE1BA7EF-0164-4B52-BD05-305904483410}"
EndProject
Project("{8BC9CEB8-8B4A-11D0-8D11-00A0C91BC942}") = "header", "header\header.vcxproj", "{00CA4C9B-CE7F-460D-A951-66FA7181FFD1}"
EndProject
Project("{8BC9CEB8-8B4A-11D0-8D11-00A0C91BC942}") = "link65", "link65\link65.vcxproj", "{DE7282F2-2482-4388-BD64-BD9373E99DD9}"
EndProject
Project("{8BC9CEB8-8B4A-11D0-8D11-00A0C91BC942}") = "macrosplitter", "macrosplitter\macrosplitter.vcxproj", "{8EF90FCA-623B-4A23-AC11-F319B61E5748}"
EndProject
Project("{8BC9CEB8-8B4A-11D0-8D11-00A0C91BC942}") = "opt65", "opt65\opt65.vcxproj", "{E665379B-2090-4CD7-93F9-F3D4B27F1FD3}"
EndProject
Project("{8BC9CEB8-8B4A-11D0-8D11-00A0C91BC942}") = "osdk", "Osdk\osdk.vcxproj", "{F14954FC-F923-4CF9-89C9-4119ACCB3BA8}"
EndProject
Project("{8BC9CEB8-8B4A-11D0-8D11-00A0C91BC942}") = "xa", "xa\xa.vcxproj", "{ABA50B6B-5B5D-4A4A-8E57-9EC9FE7C94B5}"
EndProject
Project("{8BC9CEB8-8B4A-11D0-8D11-00A0C91BC942}") = "UnitTest++.vsnet2005", "..\..\..\shared_libraries\unittestcpp\v1.4\UnitTest++.vsnet2005.vcxproj", "{64A4FEFE-0461-4E95-8CC1-91EF5F57DBC6}"
EndProject
Project("{8BC9CEB8-8B4A-11D0-8D11-00A0C91BC942}") = "SampleTweaker", "SampleTweaker\SampleTweaker.vcxproj", "{76BA31B2-4A46-4AF7-9A7D-0A2B48856E81}"
EndProject
Project("{8BC9CEB8-8B4A-11D0-8D11-00A0C91BC942}") = "TapTool", "TapTool\TapTool.vcxproj", "{5D38DD54-44D4-43A6-B501-B4F16855AD9E}"
EndProject
Project("{8BC9CEB8-8B4A-11D0-8D11-00A0C91BC942}") = "DskTool", "DskTool\DskTool.vcxproj", "{77872DD3-17F0-4E67-AAD3-418E2A46D965}"
EndProject
Project("{2150E333-8FDC-42A3-9474-1A3956D46DE8}") = "Libraries", "Libraries", "{7995824A-8FFB-4358-A334-7D4EBDFB0DB1}"
EndProject
Project("{2150E333-8FDC-42A3-9474-1A3956D46DE8}") = "Tools", "Tools", "{F0DED9E4-3CCD-46FD-9A66-9F8906846B4B}"
EndProject
Project("{2150E333-8FDC-42A3-9474-1A3956D46DE8}") = "Documentation", "Documentation", "{35BAB765-354D-44EE-9FD3-1847B8E044C4}"
EndProject
Project("{8BC9CEB8-8B4A-11D0-8D11-00A0C91BC942}") = "tap2dsk", "tap2dsk\tap2dsk.vcxproj", "{1683960F-9034-4BB7-B061-57DAD319B3AB}"
EndProject
Project("{8BC9CEB8-8B4A-11D0-8D11-00A0C91BC942}") = "old2mfm", "old2mfm\old2mfm.vcxproj", "{82599F47-461F-4B1B-B95B-FE332524BFDB}"
EndProject
Project("{8BC9CEB8-8B4A-11D0-8D11-00A0C91BC942}") = "tap2cd", "tap2cd\tap2cd.vcxproj", "{611A09F3-60DB-499D-A3A2-236CF69C6344}"
EndProject
Project("{8BC9CEB8-8B4A-11D0-8D11-00A0C91BC942}") = "ym2mym", "Ym2Mym\ym2mym.vcxproj", "{8EB78C3B-433F-43FE-8AFB-4FDB08AE7BFB}"
EndProject
Project("{8BC9CEB8-8B4A-11D0-8D11-00A0C91BC942}") = "FloppyBuilder", "FloppyBuilder\FloppyBuilder.vcxproj", "{B3BEF878-55CA-6101-0D9A-A57F7A240FCD}"
EndProject
Global
	GlobalSection(SolutionConfigurationPlatforms) = preSolution
		Debug|Win32 = Debug|Win32
		Release|Win32 = Release|Win32
	EndGlobalSection
	GlobalSection(ProjectConfigurationPlatforms) = postSolution
		{836A55ED-32D1-47AB-B9D4-12D207205BE6}.Debug|Win32.ActiveCfg = Debug|Win32
		{836A55ED-32D1-47AB-B9D4-12D207205BE6}.Debug|Win32.Build.0 = Debug|Win32
		{836A55ED-32D1-47AB-B9D4-12D207205BE6}.Release|Win32.ActiveCfg = Release|Win32
		{836A55ED-32D1-47AB-B9D4-12D207205BE6}.Release|Win32.Build.0 = Release|Win32
		{4DB442ED-88D5-460C-B3D1-9E07F1F6F4D2}.Debug|Win32.ActiveCfg = Debug|Win32
		{4DB442ED-88D5-460C-B3D1-9E07F1F6F4D2}.Debug|Win32.Build.0 = Debug|Win32
		{4DB442ED-88D5-460C-B3D1-9E07F1F6F4D2}.Release|Win32.ActiveCfg = Release|Win32
		{4DB442ED-88D5-460C-B3D1-9E07F1F6F4D2}.Release|Win32.Build.0 = Release|Win32
		{D5286405-B7D1-427E-8933-832A9D27DF8D}.Debug|Win32.ActiveCfg = Debug|Win32
		{D5286405-B7D1-427E-8933-832A9D27DF8D}.Debug|Win32.Build.0 = Debug|Win32
		{D5286405-B7D1-427E-8933-832A9D27DF8D}.Release|Win32.ActiveCfg = Release|Win32
		{D5286405-B7D1-427E-8933-832A9D27DF8D}.Release|Win32.Build.0 = Release|Win32
		{645966BA-5A15-4C5C-AA33-BA47477AECA4}.Debug|Win32.ActiveCfg = Debug|Win32
		{645966BA-5A15-4C5C-AA33-BA47477AECA4}.Debug|Win32.Build.0 = Debug|Win32
		{645966BA-5A15-4C5C-AA33-BA47477AECA4}.Release|Win32.ActiveCfg = Release|Win32
		{645966BA-5A15-4C5C-AA33-BA47477AECA4}.Release|Win32.Build.0 = Release|Win32
		{8076BBA6-E757-4DC3-99DF-768EE684A1DE}.Debug|Win32.ActiveCfg = Debug|Win32
		{8076BBA6-E757-4DC3-99DF-768EE684A1DE}.Debug|Win32.Build.0 = Debug|Win32
		{8076BBA6-E757-4DC3-99DF-768EE684A1DE}.Release|Win32.ActiveCfg = Release|Win32
		{8076BBA6-E757-4DC3-99DF-768EE684A1DE}.Release|Win32.Build.0 = Release|Win32
		{3F43C467-3CCF-4703-AB22-DD71F4361EFA}.Debug|Win32.ActiveCfg = Debug|Win32
		{3F43C467-3CCF-4703-AB22-DD71F4361EFA}.Debug|Win32.Build.0 = Debug|Win32
		{3F43C467-3CCF-4703-AB22-DD71F4361EFA}.Release|Win32.ActiveCfg = Release|Win32
		{3F43C467-3CCF-4703-AB22-DD71F4361EFA}.Release|Win32.Build.0 = Release|Win32
		{EE1BA7EF-0164-4B52-BD05-305904483410}.Debug|Win32.ActiveCfg = Debug|Win32
		{EE1BA7EF-0164-4B52-BD05-305904483410}.Debug|Win32.Build.0 = Debug|Win32
		{EE1BA7EF-0164-4B52-BD05-305904483410}.Release|Win32.ActiveCfg = Release|Win32
		{EE1BA7EF-0164-4B52-BD05-305904483410}.Release|Win32.Build.0 = Release|Win32
		{00CA4C9B-CE7F-460D-A951-66FA7181FFD1}.Debug|Win32.ActiveCfg = Debug|Win32
		{00CA4C9B-CE7F-460D-A951-66FA7181FFD1}.Debug|Win32.Build.0 = Debug|Win32
		{00CA4C9B-CE7F-460D-A951-66FA7181FFD1}.Release|Win32.ActiveCfg = Release|Win32
		{00CA4C9B-CE7F-460D-A951-66FA7181FFD1}.Release|Win32.Build.0 = Release|Win32
		{DE7282F2-2482-4388-BD64-BD9373E99DD9}.Debug|Win32.ActiveCfg = Debug|Win32
		{DE7282F2-2482-4388-BD64-BD9373E99DD9}.Debug|Win32.Build.0 = Debug|Win32
		{DE7282F2-2482-4388-BD64-BD9373E99DD9}.Release|Win32.ActiveCfg = Release|Win32
		{DE7282F2-2482-4388-BD64-BD9373E99DD9}.Release|Win32.Build.0 = Release|Win32
		{8EF90FCA-623B-4A23-AC11-F319B61E5748}.Debug|Win32.ActiveCfg = Debug|Win32
		{8EF90FCA-623B-4A23-AC11-F319B61E5748}.Debug|Win32.Build.0 = Debug|Win32
		{8EF90FCA-623B-4A23-AC11-F319B61E5748}.Release|Win32.ActiveCfg = Release|Win32
		{8EF90FCA-623B-4A23-AC11-F319B61E5748}.Release|Win32.Build.0 = Release|Win32
		{E665379B-2090-4CD7-93F9-F3D4B27F1FD3}.Debug|Win32.ActiveCfg = Debug|Win32
		{E665379B-2090-4CD7-93F9-F3D4B27F1FD3}.Debug|Win32.Build.0 = Debug|Win32
		{E665379B-2090-4CD7-93F9-F3D4B27F1FD3}.Release|Win32.ActiveCfg = Release|Win32
		{E665379B-2090-4CD7-93F9-F3D4B27F1FD3}.Release|Win32.Build.0 = Release|Win32
		{F14954FC-F923-4CF9-89C9-4119ACCB3BA8}.Debug|Win32.ActiveCfg = Debug|Win32
		{F14954FC-F923-4CF9-89C9-4119ACCB3BA8}.Release|Win32.ActiveCfg = Release|Win32
		{ABA50B6B-5B5D-4A4A-8E57-9EC9FE7C94B5}.Debug|Win32.ActiveCfg = Debug|Win32
		{ABA50B6B-5B5D-4A4A-8E57-9EC9FE7C94B5}.Debug|Win32.Build.0 = Debug|Win32
		{ABA50B6B-5B5D-4A4A-8E57-9EC9FE7C94B5}.Release|Win32.ActiveCfg = Release|Win32
		{ABA50B6B-5B5D-4A4A-8E57-9EC9FE7C94B5}.Release|Win32.Build.0 = Release|Win32
		{64A4FEFE-0461-4E95-8CC1-91EF5F57DBC6}.Debug|Win32.ActiveCfg = Debug|Win32
		{64A4FEFE-0461-4E95-8CC1-91EF5F57DBC6}.Debug|Win32.Build.0 = Debug|Win32
		{64A4FEFE-0461-4E95-8CC1-91EF5F57DBC6}.Release|Win32.ActiveCfg = Release|Win32
		{64A4FEFE-0461-4E95-8CC1-91EF5F57DBC6}.Release|Win32.Build.0 = Release|Win32
		{76BA31B2-4A46-4AF7-9A7D-0A2B48856E81}.Debug|Win32.ActiveCfg = Debug|Win32
		{76BA31B2-4A46-4AF7-9A7D-0A2B48856E81}.Debug|Win32.Build.0 = Debug|Win32
		{76BA31B2-4A46-4AF7-9A7D-0A2B48856E81}.Release|Win32.ActiveCfg = Release|Win32
		{76BA31B2-4A46-4AF7-9A7D-0A2B48856E81}.Release|Win32.Build.0 = Release|Win32
		{5D38DD54-44D4-43A6-B501-B4F16855AD9E}.Debug|Win32.ActiveCfg = Debug|Win32
		{5D38DD54-44D4-43A6-B501-B4F16855AD9E}.Debug|Win32.Build.0 = Debug|Win32
		{5D38DD54-44D4-43A6-B501-B4F16855AD9E}.Release|Win32.ActiveCfg = Release|Win32
		{5D38DD54-44D4-43A6-B501-B4F16855AD9E}.Release|Win32.Build.0 = Release|Win32
		{77872DD3-17F0-4E67-AAD3-418E2A46D965}.Debug|Win32.ActiveCfg = Debug|Win32
		{77872DD3-17F0-4E67-AAD3-418E2A46D965}.Debug|Win32.Build.0 = Debug|Win32
		{77872DD3-17F0-4E67-AAD3-418E2A46D965}.Release|Win32.ActiveCfg = Release|Win32
		{77872DD3-17F0-4E67-AAD3-418E2A46D965}.Release|Win32.Build.0 = Release|Win32
		{1683960F-9034-4BB7-B061-57DAD319B3AB}.Debug|Win32.ActiveCfg = Debug|Win32
		{1683960F-9034-4BB7-B061-57DAD319B3AB}.Debug|Win32.Build.0 = Debug|Win32
		{1683960F-9034-4BB7-B061-57DAD319B3AB}.Release|Win32.ActiveCfg = Release|Win32
		{1683960F-9034-4BB7-B061-57DAD319B3AB}.Release|Win32.Build.0 = Release|Win32
		{82599F47-461F-4B1B-B95B-FE332524BFDB}.Debug|Win32.ActiveCfg = Debug|Win32
		{82599F47-461F-4B1B-B95B-FE332524BFDB}.Debug|Win32.Build.0 = Debug|Win32
		{82599F47-461F-4B1B-B95B-FE332524BFDB}.Release|Win32.ActiveCfg = Release|Win32
		{82599F47-461F-4B1B-B95B-FE332524BFDB}.Release|Win32.Build.0 = Release|Win32
		{611A09F3-60DB-499D-A3A2-236CF69C6344}.Debug|Win32.ActiveCfg = Debug|Win32
		{611A09F3-60DB-499D-A3A2-236CF69C6344}.Debug|Win32.Build.0 = Debug|Win32
		{611A09F3-60DB-499D-A3A2-236CF69C6344}.Release|Win32.ActiveCfg = Release|Win32
		{611A09F3-60DB-499D-A3A2-236CF69C6344}.Release|Win32.Build.0 = Release|Win32
		{8EB78C3B-433F-43FE-8AFB-4FDB08AE7BFB}.Debug|Win32.ActiveCfg = Debug|Win32
		{8EB78C3B-433F-43FE-8AFB-4FDB08AE7BFB}.Debug|Win32.Build.0 = Debug|Win32
		{8EB78C3B-433F-43FE-8AFB-4FDB08AE7BFB}.Release|Win32.ActiveCfg = Release|Win32
		{8EB78C3B-433F-43FE-8AFB-4FDB08AE7BFB}.Release|Win32.Build.0 = Release|Win32
		{B3BEF878-55CA-6101-0D9A-A57F7A240FCD}.Debug|Win32.ActiveCfg = Debug|Win32
		{B3BEF878-55CA-6101-0D9A-A57F7A240FCD}.Debug|Win32.Build.0 = Debug|Win32
		{B3BEF878-55CA-6101-0D9A-A57F7A240FCD}.Release|Win32.ActiveCfg = Release|Win32
		{B3BEF878-55CA-6101-0D9A-A57F7A240FCD}.Release|Win32.Build.0 = Release|Win32
	EndGlobalSection
	GlobalSection(SolutionProperties) = preSolution
		HideSolutionNode = FALSE
	EndGlobalSection
	GlobalSection(NestedProjects) = preSolution
		{4DB442ED-88D5-460C-B3D1-9E07F1F6F4D2} = {F0DED9E4-3CCD-46FD-9A66-9F8906846B4B}
		{D5286405-B7D1-427E-8933-832A9D27DF8D} = {F0DED9E4-3CCD-46FD-9A66-9F8906846B4B}
		{645966BA-5A15-4C5C-AA33-BA47477AECA4} = {F0DED9E4-3CCD-46FD-9A66-9F8906846B4B}
		{8076BBA6-E757-4DC3-99DF-768EE684A1DE} = {F0DED9E4-3CCD-46FD-9A66-9F8906846B4B}
		{EE1BA7EF-0164-4B52-BD05-305904483410} = {F0DED9E4-3CCD-46FD-9A66-9F8906846B4B}
		{00CA4C9B-CE7F-460D-A951-66FA7181FFD1} = {F0DED9E4-3CCD-46FD-9A66-9F8906846B4B}
		{DE7282F2-2482-4388-BD64-BD9373E99DD9} = {F0DED9E4-3CCD-46FD-9A66-9F8906846B4B}
		{8EF90FCA-623B-4A23-AC11-F319B61E5748} = {F0DED9E4-3CCD-46FD-9A66-9F8906846B4B}
		{E665379B-2090-4CD7-93F9-F3D4B27F1FD3} = {F0DED9E4-3CCD-46FD-9A66-9F8906846B4B}
		{ABA50B6B-5B5D-4A4A-8E57-9EC9FE7C94B5} = {F0DED9E4-3CCD-46FD-9A66-9F8906846B4B}
		{76BA31B2-4A46-4AF7-9A7D-0A2B48856E81} = {F0DED9E4-3CCD-46FD-9A66-9F8906846B4B}
		{5D38DD54-44D4-43A6-B501-B4F16855AD9E} = {F0DED9E4-3CCD-46FD-9A66-9F8906846B4B}
		{77872DD3-17F0-4E67-AAD3-418E2A46D965} = {F0DED9E4-3CCD-46FD-9A66-9F8906846B4B}
		{836A55ED-32D1-47AB-B9D4-12D207205BE6} = {F0DED9E4-3CCD-46FD-9A66-9F8906846B4B}
		{1683960F-9034-4BB7-B061-57DAD319B3AB} = {F0DED9E4-3CCD-46FD-9A66-9F8906846B4B}
		{82599F47-461F-4B1B-B95B-FE332524BFDB} = {F0DED9E4-3CCD-46FD-9A66-9F8906846B4B}
		{611A09F3-60DB-499D-A3A2-236CF69C6344} = {F0DED9E4-3CCD-46FD-9A66-9F8906846B4B}
		{8EB78C3B-433F-43FE-8AFB-4FDB08AE7BFB} = {F0DED9E4-3CCD-46FD-9A66-9F8906846B4B}
		{B3BEF878-55CA-6101-0D9A-A57F7A240FCD} = {F0DED9E4-3CCD-46FD-9A66-9F8906846B4B}
		{64A4FEFE-0461-4E95-8CC1-91EF5F57DBC6} = {7995824A-8FFB-4358-A334-7D4EBDFB0DB1}
		{3F43C467-3CCF-4703-AB22-DD71F4361EFA} = {7995824A-8FFB-4358-A334-7D4EBDFB0DB1}
		{F14954FC-F923-4CF9-89C9-4119ACCB3BA8} = {35BAB765-354D-44EE-9FD3-1847B8E044C4}
	EndGlobalSection
EndGlobal
